
Microsoft Visual Studio Solution File, Format Version 12.00
# Visual Studio Version 16
VisualStudioVersion = 16.0.32126.315
MinimumVisualStudioVersion = 10.0.40219.1
Project("{FAE04EC0-301F-11D3-BF4B-00C04F79EFBC}") = "TabStrip", "TabStrip\TabStrip.csproj", "{F929CA6A-87BD-42C8-8D0A-6455DB6F55DC}"
EndProject
Project("{FAE04EC0-301F-11D3-BF4B-00C04F79EFBC}") = "TabStrip.Test", "TabStrip.Test\TabStrip.Test.csproj", "{19968F6D-DE2B-4FE7-AC5A-2C169CE7A9A6}"
EndProject
Project("{FAE04EC0-301F-11D3-BF4B-00C04F79EFBC}") = "TabControl", "TabControl\TabControl.csproj", "{5B5F96CF-56F2-4A42-AF81-14847D51BC52}"
EndProject
Project("{FAE04EC0-301F-11D3-BF4B-00C04F79EFBC}") = "TabControl.Test", "TabControl.Test\TabControl.Test.csproj", "{A73250DC-8334-4DEC-B0B7-643A927E5AE8}"
EndProject
Project("{FAE04EC0-301F-11D3-BF4B-00C04F79EFBC}") = "CustomTab", "CustomTab\CustomTab.csproj", "{4CDE5B7B-4AFC-4B02-80F2-30D8E022C393}"
EndProject
Project("{FAE04EC0-301F-11D3-BF4B-00C04F79EFBC}") = "CustomTab.Test", "CustomTab.Test\CustomTab.Test.csproj", "{92A25D13-CC9C-4EFC-8A9A-658ACF62A5A7}"
EndProject
Project("{FAE04EC0-301F-11D3-BF4B-00C04F79EFBC}") = "WinTabControls", "WinTabControls\WinTabControls.csproj", "{0B83CD89-A10F-4A69-AB6A-682F47323857}"
EndProject
Project("{FAE04EC0-301F-11D3-BF4B-00C04F79EFBC}") = "WinTabControls.Test", "WinTabControls.Test\WinTabControls.Test.csproj", "{E8B9CE33-8134-4CCF-9549-F8F4D884EACB}"
EndProject
Global
	GlobalSection(SolutionConfigurationPlatforms) = preSolution
		Debug|Any CPU = Debug|Any CPU
		net20|Any CPU = net20|Any CPU
		net40|Any CPU = net40|Any CPU
		Release|Any CPU = Release|Any CPU
	EndGlobalSection
	GlobalSection(ProjectConfigurationPlatforms) = postSolution
		{F929CA6A-87BD-42C8-8D0A-6455DB6F55DC}.Debug|Any CPU.ActiveCfg = Debug|Any CPU
		{F929CA6A-87BD-42C8-8D0A-6455DB6F55DC}.Debug|Any CPU.Build.0 = Debug|Any CPU
		{F929CA6A-87BD-42C8-8D0A-6455DB6F55DC}.net20|Any CPU.ActiveCfg = net20|Any CPU
		{F929CA6A-87BD-42C8-8D0A-6455DB6F55DC}.net20|Any CPU.Build.0 = net20|Any CPU
		{F929CA6A-87BD-42C8-8D0A-6455DB6F55DC}.net40|Any CPU.ActiveCfg = net40|Any CPU
		{F929CA6A-87BD-42C8-8D0A-6455DB6F55DC}.net40|Any CPU.Build.0 = net40|Any CPU
		{F929CA6A-87BD-42C8-8D0A-6455DB6F55DC}.Release|Any CPU.ActiveCfg = Release|Any CPU
		{F929CA6A-87BD-42C8-8D0A-6455DB6F55DC}.Release|Any CPU.Build.0 = Release|Any CPU
		{19968F6D-DE2B-4FE7-AC5A-2C169CE7A9A6}.Debug|Any CPU.ActiveCfg = Debug|Any CPU
		{19968F6D-DE2B-4FE7-AC5A-2C169CE7A9A6}.Debug|Any CPU.Build.0 = Debug|Any CPU
		{19968F6D-DE2B-4FE7-AC5A-2C169CE7A9A6}.net20|Any CPU.ActiveCfg = net20|Any CPU
		{19968F6D-DE2B-4FE7-AC5A-2C169CE7A9A6}.net20|Any CPU.Build.0 = net20|Any CPU
		{19968F6D-DE2B-4FE7-AC5A-2C169CE7A9A6}.net40|Any CPU.ActiveCfg = net40|Any CPU
		{19968F6D-DE2B-4FE7-AC5A-2C169CE7A9A6}.net40|Any CPU.Build.0 = net40|Any CPU
		{19968F6D-DE2B-4FE7-AC5A-2C169CE7A9A6}.Release|Any CPU.ActiveCfg = Release|Any CPU
		{19968F6D-DE2B-4FE7-AC5A-2C169CE7A9A6}.Release|Any CPU.Build.0 = Release|Any CPU
		{5B5F96CF-56F2-4A42-AF81-14847D51BC52}.Debug|Any CPU.ActiveCfg = Debug|Any CPU
		{5B5F96CF-56F2-4A42-AF81-14847D51BC52}.Debug|Any CPU.Build.0 = Debug|Any CPU
		{5B5F96CF-56F2-4A42-AF81-14847D51BC52}.net20|Any CPU.ActiveCfg = net20|Any CPU
		{5B5F96CF-56F2-4A42-AF81-14847D51BC52}.net20|Any CPU.Build.0 = net20|Any CPU
		{5B5F96CF-56F2-4A42-AF81-14847D51BC52}.net40|Any CPU.ActiveCfg = net40|Any CPU
		{5B5F96CF-56F2-4A42-AF81-14847D51BC52}.net40|Any CPU.Build.0 = net40|Any CPU
		{5B5F96CF-56F2-4A42-AF81-14847D51BC52}.Release|Any CPU.ActiveCfg = Release|Any CPU
		{5B5F96CF-56F2-4A42-AF81-14847D51BC52}.Release|Any CPU.Build.0 = Release|Any CPU
		{A73250DC-8334-4DEC-B0B7-643A927E5AE8}.Debug|Any CPU.ActiveCfg = Debug|Any CPU
		{A73250DC-8334-4DEC-B0B7-643A927E5AE8}.Debug|Any CPU.Build.0 = Debug|Any CPU
		{A73250DC-8334-4DEC-B0B7-643A927E5AE8}.net20|Any CPU.ActiveCfg = net20|Any CPU
		{A73250DC-8334-4DEC-B0B7-643A927E5AE8}.net20|Any CPU.Build.0 = net20|Any CPU
		{A73250DC-8334-4DEC-B0B7-643A927E5AE8}.net40|Any CPU.ActiveCfg = net40|Any CPU
		{A73250DC-8334-4DEC-B0B7-643A927E5AE8}.net40|Any CPU.Build.0 = net40|Any CPU
		{A73250DC-8334-4DEC-B0B7-643A927E5AE8}.Release|Any CPU.ActiveCfg = Release|Any CPU
		{A73250DC-8334-4DEC-B0B7-643A927E5AE8}.Release|Any CPU.Build.0 = Release|Any CPU
		{4CDE5B7B-4AFC-4B02-80F2-30D8E022C393}.Debug|Any CPU.ActiveCfg = Debug|Any CPU
		{4CDE5B7B-4AFC-4B02-80F2-30D8E022C393}.Debug|Any CPU.Build.0 = Debug|Any CPU
		{4CDE5B7B-4AFC-4B02-80F2-30D8E022C393}.net20|Any CPU.ActiveCfg = net20|Any CPU
		{4CDE5B7B-4AFC-4B02-80F2-30D8E022C393}.net20|Any CPU.Build.0 = net20|Any CPU
		{4CDE5B7B-4AFC-4B02-80F2-30D8E022C393}.net40|Any CPU.ActiveCfg = net40|Any CPU
		{4CDE5B7B-4AFC-4B02-80F2-30D8E022C393}.net40|Any CPU.Build.0 = net40|Any CPU
		{4CDE5B7B-4AFC-4B02-80F2-30D8E022C393}.Release|Any CPU.ActiveCfg = Release|Any CPU
		{4CDE5B7B-4AFC-4B02-80F2-30D8E022C393}.Release|Any CPU.Build.0 = Release|Any CPU
		{92A25D13-CC9C-4EFC-8A9A-658ACF62A5A7}.Debug|Any CPU.ActiveCfg = Debug|Any CPU
		{92A25D13-CC9C-4EFC-8A9A-658ACF62A5A7}.Debug|Any CPU.Build.0 = Debug|Any CPU
		{92A25D13-CC9C-4EFC-8A9A-658ACF62A5A7}.net20|Any CPU.ActiveCfg = net20|Any CPU
		{92A25D13-CC9C-4EFC-8A9A-658ACF62A5A7}.net20|Any CPU.Build.0 = net20|Any CPU
		{92A25D13-CC9C-4EFC-8A9A-658ACF62A5A7}.net40|Any CPU.ActiveCfg = net40|Any CPU
		{92A25D13-CC9C-4EFC-8A9A-658ACF62A5A7}.net40|Any CPU.Build.0 = net40|Any CPU
		{92A25D13-CC9C-4EFC-8A9A-658ACF62A5A7}.Release|Any CPU.ActiveCfg = Release|Any CPU
		{92A25D13-CC9C-4EFC-8A9A-658ACF62A5A7}.Release|Any CPU.Build.0 = Release|Any CPU
		{0B83CD89-A10F-4A69-AB6A-682F47323857}.Debug|Any CPU.ActiveCfg = Debug|Any CPU
		{0B83CD89-A10F-4A69-AB6A-682F47323857}.Debug|Any CPU.Build.0 = Debug|Any CPU
		{0B83CD89-A10F-4A69-AB6A-682F47323857}.net20|Any CPU.ActiveCfg = Debug|Any CPU
		{0B83CD89-A10F-4A69-AB6A-682F47323857}.net20|Any CPU.Build.0 = Debug|Any CPU
		{0B83CD89-A10F-4A69-AB6A-682F47323857}.net40|Any CPU.ActiveCfg = Debug|Any CPU
		{0B83CD89-A10F-4A69-AB6A-682F47323857}.net40|Any CPU.Build.0 = Debug|Any CPU
		{0B83CD89-A10F-4A69-AB6A-682F47323857}.Release|Any CPU.ActiveCfg = Release|Any CPU
		{0B83CD89-A10F-4A69-AB6A-682F47323857}.Release|Any CPU.Build.0 = Release|Any CPU
		{E8B9CE33-8134-4CCF-9549-F8F4D884EACB}.Debug|Any CPU.ActiveCfg = Debug|Any CPU
		{E8B9CE33-8134-4CCF-9549-F8F4D884EACB}.Debug|Any CPU.Build.0 = Debug|Any CPU
		{E8B9CE33-8134-4CCF-9549-F8F4D884EACB}.net20|Any CPU.ActiveCfg = Debug|Any CPU
		{E8B9CE33-8134-4CCF-9549-F8F4D884EACB}.net20|Any CPU.Build.0 = Debug|Any CPU
		{E8B9CE33-8134-4CCF-9549-F8F4D884EACB}.net40|Any CPU.ActiveCfg = Debug|Any CPU
		{E8B9CE33-8134-4CCF-9549-F8F4D884EACB}.net40|Any CPU.Build.0 = Debug|Any CPU
		{E8B9CE33-8134-4CCF-9549-F8F4D884EACB}.Release|Any CPU.ActiveCfg = Release|Any CPU
		{E8B9CE33-8134-4CCF-9549-F8F4D884EACB}.Release|Any CPU.Build.0 = Release|Any CPU
	EndGlobalSection
	GlobalSection(SolutionProperties) = preSolution
		HideSolutionNode = FALSE
	EndGlobalSection
	GlobalSection(ExtensibilityGlobals) = postSolution
		SolutionGuid = {4D22D08F-D258-4BAC-91E0-21234DCE19CB}
	EndGlobalSection
EndGlobal
